// !$*UTF8*$!
{
	archiveVersion = 1;
	classes = {
	};
	objectVersion = 56;
	objects = {

/* Begin PBXBuildFile section */
		450729CD2BC68FAA00F3F2D3 /* AllWidgetsApp.swift in Sources */ = {isa = PBXBuildFile; fileRef = 450729CC2BC68FAA00F3F2D3 /* AllWidgetsApp.swift */; };
		450729D12BC68FAC00F3F2D3 /* Assets.xcassets in Resources */ = {isa = PBXBuildFile; fileRef = 450729D02BC68FAC00F3F2D3 /* Assets.xcassets */; };
		450729D42BC68FAC00F3F2D3 /* Preview Assets.xcassets in Resources */ = {isa = PBXBuildFile; fileRef = 450729D32BC68FAC00F3F2D3 /* Preview Assets.xcassets */; };
		450729DE2BC6902F00F3F2D3 /* Launch Screen.storyboard in Resources */ = {isa = PBXBuildFile; fileRef = 450729DD2BC6902F00F3F2D3 /* Launch Screen.storyboard */; };
		450729E12BC6912D00F3F2D3 /* LaunchScreen.swift in Sources */ = {isa = PBXBuildFile; fileRef = 450729E02BC6912D00F3F2D3 /* LaunchScreen.swift */; };
		450729E32BC6920900F3F2D3 /* Colors.swift in Sources */ = {isa = PBXBuildFile; fileRef = 450729E22BC6920900F3F2D3 /* Colors.swift */; };
		450729E62BC6940F00F3F2D3 /* MainScreen.swift in Sources */ = {isa = PBXBuildFile; fileRef = 450729E52BC6940F00F3F2D3 /* MainScreen.swift */; };
		450729E92BC6950B00F3F2D3 /* OnboardingScreen.swift in Sources */ = {isa = PBXBuildFile; fileRef = 450729E82BC6950B00F3F2D3 /* OnboardingScreen.swift */; };
		450729EB2BC6959D00F3F2D3 /* OnboardingViewModel.swift in Sources */ = {isa = PBXBuildFile; fileRef = 450729EA2BC6959D00F3F2D3 /* OnboardingViewModel.swift */; };
		459CC3BB2BC6ADBA007CE7F1 /* TabBar.swift in Sources */ = {isa = PBXBuildFile; fileRef = 459CC3BA2BC6ADBA007CE7F1 /* TabBar.swift */; };
		459CC3BE2BC6B41A007CE7F1 /* SettingsScreen.swift in Sources */ = {isa = PBXBuildFile; fileRef = 459CC3BD2BC6B41A007CE7F1 /* SettingsScreen.swift */; };
		459CC3C22BC6B72D007CE7F1 /* CustomNavigationView.swift in Sources */ = {isa = PBXBuildFile; fileRef = 459CC3C12BC6B72D007CE7F1 /* CustomNavigationView.swift */; };
		459CC3C52BC6BD72007CE7F1 /* ContactUsScreen.swift in Sources */ = {isa = PBXBuildFile; fileRef = 459CC3C42BC6BD72007CE7F1 /* ContactUsScreen.swift */; };
		459CC3C82BC6BF52007CE7F1 /* CustomTextField in Frameworks */ = {isa = PBXBuildFile; productRef = 459CC3C72BC6BF52007CE7F1 /* CustomTextField */; };
		459CC3CB2BC70827007CE7F1 /* WallspaperScreen.swift in Sources */ = {isa = PBXBuildFile; fileRef = 459CC3CA2BC70827007CE7F1 /* WallspaperScreen.swift */; };
		459CC3CD2BC70F3C007CE7F1 /* WallsPaperDetailScreen.swift in Sources */ = {isa = PBXBuildFile; fileRef = 459CC3CC2BC70F3C007CE7F1 /* WallsPaperDetailScreen.swift */; };
		459CC3D12BC7BFF6007CE7F1 /* WidgetsScreen.swift in Sources */ = {isa = PBXBuildFile; fileRef = 459CC3D02BC7BFF6007CE7F1 /* WidgetsScreen.swift */; };
		459CC3FE2BC7F359007CE7F1 /* CardSwipeView.swift in Sources */ = {isa = PBXBuildFile; fileRef = 459CC3FD2BC7F359007CE7F1 /* CardSwipeView.swift */; };
		459CC4022BC804EB007CE7F1 /* ClockWidgets.swift in Sources */ = {isa = PBXBuildFile; fileRef = 459CC4012BC804EB007CE7F1 /* ClockWidgets.swift */; };
		459CC4072BC80D36007CE7F1 /* CalendarWidgets.swift in Sources */ = {isa = PBXBuildFile; fileRef = 459CC4062BC80D36007CE7F1 /* CalendarWidgets.swift */; };
		459CC40B2BC81444007CE7F1 /* PhotoWidgets.swift in Sources */ = {isa = PBXBuildFile; fileRef = 459CC40A2BC81444007CE7F1 /* PhotoWidgets.swift */; };
		459CC40F2BC81BDD007CE7F1 /* PopupView in Frameworks */ = {isa = PBXBuildFile; productRef = 459CC40E2BC81BDD007CE7F1 /* PopupView */; };
		45ADAC372BCA563F004FCE06 /* WidgetKit.framework in Frameworks */ = {isa = PBXBuildFile; fileRef = 459CC3D82BC7CD0F007CE7F1 /* WidgetKit.framework */; };
		45ADAC382BCA563F004FCE06 /* SwiftUI.framework in Frameworks */ = {isa = PBXBuildFile; fileRef = 459CC3DA2BC7CD0F007CE7F1 /* SwiftUI.framework */; };
		45ADAC3B2BCA563F004FCE06 /* MyWidgetBundle.swift in Sources */ = {isa = PBXBuildFile; fileRef = 45ADAC3A2BCA563F004FCE06 /* MyWidgetBundle.swift */; };
		45ADAC3D2BCA563F004FCE06 /* MyWidget.swift in Sources */ = {isa = PBXBuildFile; fileRef = 45ADAC3C2BCA563F004FCE06 /* MyWidget.swift */; };
		45ADAC412BCA5640004FCE06 /* Assets.xcassets in Resources */ = {isa = PBXBuildFile; fileRef = 45ADAC402BCA5640004FCE06 /* Assets.xcassets */; };
		45ADAC452BCA5640004FCE06 /* MyWidgetExtension.appex in Embed Foundation Extensions */ = {isa = PBXBuildFile; fileRef = 45ADAC362BCA563F004FCE06 /* MyWidgetExtension.appex */; settings = {ATTRIBUTES = (RemoveHeadersOnCopy, ); }; };
		45ADAC4A2BCA565F004FCE06 /* MyWidget.intentdefinition in Sources */ = {isa = PBXBuildFile; fileRef = 45ADAC492BCA565F004FCE06 /* MyWidget.intentdefinition */; };
		45ADAC4B2BCA565F004FCE06 /* MyWidget.intentdefinition in Sources */ = {isa = PBXBuildFile; fileRef = 45ADAC492BCA565F004FCE06 /* MyWidget.intentdefinition */; };
		45ADAC512BCA58EA004FCE06 /* Intents.framework in Frameworks */ = {isa = PBXBuildFile; fileRef = 459CC41D2BC97E35007CE7F1 /* Intents.framework */; };
		45ADAC542BCA58EA004FCE06 /* IntentHandler.swift in Sources */ = {isa = PBXBuildFile; fileRef = 45ADAC532BCA58EA004FCE06 /* IntentHandler.swift */; };
		45ADAC582BCA58EA004FCE06 /* IntentHandler.appex in Embed Foundation Extensions */ = {isa = PBXBuildFile; fileRef = 45ADAC502BCA58EA004FCE06 /* IntentHandler.appex */; settings = {ATTRIBUTES = (RemoveHeadersOnCopy, ); }; };
		45ADAC5C2BCA592B004FCE06 /* MyWidget.intentdefinition in Sources */ = {isa = PBXBuildFile; fileRef = 45ADAC492BCA565F004FCE06 /* MyWidget.intentdefinition */; };
		45ADAC5F2BCA5B54004FCE06 /* IntentHandler.swift in Sources */ = {isa = PBXBuildFile; fileRef = 45ADAC532BCA58EA004FCE06 /* IntentHandler.swift */; };
		45ADAC612BCA5F99004FCE06 /* AssetsFetcher.swift in Sources */ = {isa = PBXBuildFile; fileRef = 45ADAC602BCA5F99004FCE06 /* AssetsFetcher.swift */; };
		45ADAC622BCA5F99004FCE06 /* AssetsFetcher.swift in Sources */ = {isa = PBXBuildFile; fileRef = 45ADAC602BCA5F99004FCE06 /* AssetsFetcher.swift */; };
		45ADAC632BCA5FA3004FCE06 /* AssetsFetcher.swift in Sources */ = {isa = PBXBuildFile; fileRef = 45ADAC602BCA5F99004FCE06 /* AssetsFetcher.swift */; };
		45ADAC682BCAA66B004FCE06 /* ClockWidget.swift in Sources */ = {isa = PBXBuildFile; fileRef = 45ADAC672BCAA66B004FCE06 /* ClockWidget.swift */; };
		45ADAC692BCAA66B004FCE06 /* ClockWidget.swift in Sources */ = {isa = PBXBuildFile; fileRef = 45ADAC672BCAA66B004FCE06 /* ClockWidget.swift */; };
		45ADAC6A2BCAABBC004FCE06 /* Colors.swift in Sources */ = {isa = PBXBuildFile; fileRef = 450729E22BC6920900F3F2D3 /* Colors.swift */; };
		45ADAC6B2BCAABBC004FCE06 /* Colors.swift in Sources */ = {isa = PBXBuildFile; fileRef = 450729E22BC6920900F3F2D3 /* Colors.swift */; };
		45ADAC712BCB0F2D004FCE06 /* Assets.xcassets in Resources */ = {isa = PBXBuildFile; fileRef = 450729D02BC68FAC00F3F2D3 /* Assets.xcassets */; };
		45ADAC722BCB0F2D004FCE06 /* Assets.xcassets in Resources */ = {isa = PBXBuildFile; fileRef = 450729D02BC68FAC00F3F2D3 /* Assets.xcassets */; };
		45B47E452BCE9D060049C01A /* PlaceholderCardView.swift in Sources */ = {isa = PBXBuildFile; fileRef = 45B47E442BCE9D060049C01A /* PlaceholderCardView.swift */; };
		45B47E472BCE9D1E0049C01A /* PopupView.swift in Sources */ = {isa = PBXBuildFile; fileRef = 45B47E462BCE9D1E0049C01A /* PopupView.swift */; };
/* End PBXBuildFile section */

/* Begin PBXContainerItemProxy section */
		45ADAC432BCA5640004FCE06 /* PBXContainerItemProxy */ = {
			isa = PBXContainerItemProxy;
			containerPortal = 450729C12BC68FAA00F3F2D3 /* Project object */;
			proxyType = 1;
			remoteGlobalIDString = 45ADAC352BCA563F004FCE06;
			remoteInfo = MyWidgetExtension;
		};
		45ADAC562BCA58EA004FCE06 /* PBXContainerItemProxy */ = {
			isa = PBXContainerItemProxy;
			containerPortal = 450729C12BC68FAA00F3F2D3 /* Project object */;
			proxyType = 1;
			remoteGlobalIDString = 45ADAC4F2BCA58EA004FCE06;
			remoteInfo = IntentHandler;
		};
/* End PBXContainerItemProxy section */

/* Begin PBXCopyFilesBuildPhase section */
		459CC3EA2BC7CD10007CE7F1 /* Embed Foundation Extensions */ = {
			isa = PBXCopyFilesBuildPhase;
			buildActionMask = 2147483647;
			dstPath = "";
			dstSubfolderSpec = 13;
			files = (
				45ADAC452BCA5640004FCE06 /* MyWidgetExtension.appex in Embed Foundation Extensions */,
				45ADAC582BCA58EA004FCE06 /* IntentHandler.appex in Embed Foundation Extensions */,
			);
			name = "Embed Foundation Extensions";
			runOnlyForDeploymentPostprocessing = 0;
		};
/* End PBXCopyFilesBuildPhase section */

/* Begin PBXFileReference section */
		450729C92BC68FAA00F3F2D3 /* AllWidgets.app */ = {isa = PBXFileReference; explicitFileType = wrapper.application; includeInIndex = 0; path = AllWidgets.app; sourceTree = BUILT_PRODUCTS_DIR; };
		450729CC2BC68FAA00F3F2D3 /* AllWidgetsApp.swift */ = {isa = PBXFileReference; lastKnownFileType = sourcecode.swift; path = AllWidgetsApp.swift; sourceTree = "<group>"; };
		450729D02BC68FAC00F3F2D3 /* Assets.xcassets */ = {isa = PBXFileReference; lastKnownFileType = folder.assetcatalog; path = Assets.xcassets; sourceTree = "<group>"; };
		450729D32BC68FAC00F3F2D3 /* Preview Assets.xcassets */ = {isa = PBXFileReference; lastKnownFileType = folder.assetcatalog; path = "Preview Assets.xcassets"; sourceTree = "<group>"; };
		450729DD2BC6902F00F3F2D3 /* Launch Screen.storyboard */ = {isa = PBXFileReference; lastKnownFileType = file.storyboard; path = "Launch Screen.storyboard"; sourceTree = "<group>"; };
		450729E02BC6912D00F3F2D3 /* LaunchScreen.swift */ = {isa = PBXFileReference; lastKnownFileType = sourcecode.swift; path = LaunchScreen.swift; sourceTree = "<group>"; };
		450729E22BC6920900F3F2D3 /* Colors.swift */ = {isa = PBXFileReference; lastKnownFileType = sourcecode.swift; path = Colors.swift; sourceTree = "<group>"; };
		450729E52BC6940F00F3F2D3 /* MainScreen.swift */ = {isa = PBXFileReference; lastKnownFileType = sourcecode.swift; path = MainScreen.swift; sourceTree = "<group>"; };
		450729E82BC6950B00F3F2D3 /* OnboardingScreen.swift */ = {isa = PBXFileReference; lastKnownFileType = sourcecode.swift; path = OnboardingScreen.swift; sourceTree = "<group>"; };
		450729EA2BC6959D00F3F2D3 /* OnboardingViewModel.swift */ = {isa = PBXFileReference; lastKnownFileType = sourcecode.swift; path = OnboardingViewModel.swift; sourceTree = "<group>"; };
		459CC3BA2BC6ADBA007CE7F1 /* TabBar.swift */ = {isa = PBXFileReference; lastKnownFileType = sourcecode.swift; path = TabBar.swift; sourceTree = "<group>"; };
		459CC3BD2BC6B41A007CE7F1 /* SettingsScreen.swift */ = {isa = PBXFileReference; lastKnownFileType = sourcecode.swift; path = SettingsScreen.swift; sourceTree = "<group>"; };
		459CC3C12BC6B72D007CE7F1 /* CustomNavigationView.swift */ = {isa = PBXFileReference; lastKnownFileType = sourcecode.swift; path = CustomNavigationView.swift; sourceTree = "<group>"; };
		459CC3C42BC6BD72007CE7F1 /* ContactUsScreen.swift */ = {isa = PBXFileReference; lastKnownFileType = sourcecode.swift; path = ContactUsScreen.swift; sourceTree = "<group>"; };
		459CC3CA2BC70827007CE7F1 /* WallspaperScreen.swift */ = {isa = PBXFileReference; lastKnownFileType = sourcecode.swift; path = WallspaperScreen.swift; sourceTree = "<group>"; };
		459CC3CC2BC70F3C007CE7F1 /* WallsPaperDetailScreen.swift */ = {isa = PBXFileReference; lastKnownFileType = sourcecode.swift; path = WallsPaperDetailScreen.swift; sourceTree = "<group>"; };
		459CC3CE2BC7B613007CE7F1 /* Info.plist */ = {isa = PBXFileReference; lastKnownFileType = text.plist; path = Info.plist; sourceTree = "<group>"; };
		459CC3D02BC7BFF6007CE7F1 /* WidgetsScreen.swift */ = {isa = PBXFileReference; lastKnownFileType = sourcecode.swift; path = WidgetsScreen.swift; sourceTree = "<group>"; };
		459CC3D82BC7CD0F007CE7F1 /* WidgetKit.framework */ = {isa = PBXFileReference; lastKnownFileType = wrapper.framework; name = WidgetKit.framework; path = System/Library/Frameworks/WidgetKit.framework; sourceTree = SDKROOT; };
		459CC3DA2BC7CD0F007CE7F1 /* SwiftUI.framework */ = {isa = PBXFileReference; lastKnownFileType = wrapper.framework; name = SwiftUI.framework; path = System/Library/Frameworks/SwiftUI.framework; sourceTree = SDKROOT; };
		459CC3FD2BC7F359007CE7F1 /* CardSwipeView.swift */ = {isa = PBXFileReference; fileEncoding = 4; lastKnownFileType = sourcecode.swift; path = CardSwipeView.swift; sourceTree = "<group>"; };
		459CC4012BC804EB007CE7F1 /* ClockWidgets.swift */ = {isa = PBXFileReference; lastKnownFileType = sourcecode.swift; path = ClockWidgets.swift; sourceTree = "<group>"; };
		459CC4062BC80D36007CE7F1 /* CalendarWidgets.swift */ = {isa = PBXFileReference; lastKnownFileType = sourcecode.swift; path = CalendarWidgets.swift; sourceTree = "<group>"; };
		459CC40A2BC81444007CE7F1 /* PhotoWidgets.swift */ = {isa = PBXFileReference; lastKnownFileType = sourcecode.swift; path = PhotoWidgets.swift; sourceTree = "<group>"; };
		459CC41D2BC97E35007CE7F1 /* Intents.framework */ = {isa = PBXFileReference; lastKnownFileType = wrapper.framework; name = Intents.framework; path = System/Library/Frameworks/Intents.framework; sourceTree = SDKROOT; };
		459CC4282BC97E35007CE7F1 /* IntentsUI.framework */ = {isa = PBXFileReference; lastKnownFileType = wrapper.framework; name = IntentsUI.framework; path = System/Library/Frameworks/IntentsUI.framework; sourceTree = SDKROOT; };
		45ADAC362BCA563F004FCE06 /* MyWidgetExtension.appex */ = {isa = PBXFileReference; explicitFileType = "wrapper.app-extension"; includeInIndex = 0; path = MyWidgetExtension.appex; sourceTree = BUILT_PRODUCTS_DIR; };
		45ADAC3A2BCA563F004FCE06 /* MyWidgetBundle.swift */ = {isa = PBXFileReference; lastKnownFileType = sourcecode.swift; path = MyWidgetBundle.swift; sourceTree = "<group>"; };
		45ADAC3C2BCA563F004FCE06 /* MyWidget.swift */ = {isa = PBXFileReference; lastKnownFileType = sourcecode.swift; path = MyWidget.swift; sourceTree = "<group>"; };
		45ADAC402BCA5640004FCE06 /* Assets.xcassets */ = {isa = PBXFileReference; lastKnownFileType = folder.assetcatalog; path = Assets.xcassets; sourceTree = "<group>"; };
		45ADAC422BCA5640004FCE06 /* Info.plist */ = {isa = PBXFileReference; lastKnownFileType = text.plist.xml; path = Info.plist; sourceTree = "<group>"; };
		45ADAC492BCA565F004FCE06 /* MyWidget.intentdefinition */ = {isa = PBXFileReference; lastKnownFileType = file.intentdefinition; path = MyWidget.intentdefinition; sourceTree = "<group>"; };
		45ADAC502BCA58EA004FCE06 /* IntentHandler.appex */ = {isa = PBXFileReference; explicitFileType = "wrapper.app-extension"; includeInIndex = 0; path = IntentHandler.appex; sourceTree = BUILT_PRODUCTS_DIR; };
		45ADAC532BCA58EA004FCE06 /* IntentHandler.swift */ = {isa = PBXFileReference; lastKnownFileType = sourcecode.swift; path = IntentHandler.swift; sourceTree = "<group>"; };
		45ADAC552BCA58EA004FCE06 /* Info.plist */ = {isa = PBXFileReference; lastKnownFileType = text.plist.xml; path = Info.plist; sourceTree = "<group>"; };
		45ADAC5D2BCA5A37004FCE06 /* MyWidgetExtension.entitlements */ = {isa = PBXFileReference; lastKnownFileType = text.plist.entitlements; path = MyWidgetExtension.entitlements; sourceTree = "<group>"; };
		45ADAC5E2BCA5A43004FCE06 /* IntentHandler.entitlements */ = {isa = PBXFileReference; lastKnownFileType = text.plist.entitlements; path = IntentHandler.entitlements; sourceTree = "<group>"; };
		45ADAC602BCA5F99004FCE06 /* AssetsFetcher.swift */ = {isa = PBXFileReference; lastKnownFileType = sourcecode.swift; path = AssetsFetcher.swift; sourceTree = "<group>"; };
		45ADAC672BCAA66B004FCE06 /* ClockWidget.swift */ = {isa = PBXFileReference; lastKnownFileType = sourcecode.swift; path = ClockWidget.swift; sourceTree = "<group>"; };
		45B47E442BCE9D060049C01A /* PlaceholderCardView.swift */ = {isa = PBXFileReference; lastKnownFileType = sourcecode.swift; path = PlaceholderCardView.swift; sourceTree = "<group>"; };
		45B47E462BCE9D1E0049C01A /* PopupView.swift */ = {isa = PBXFileReference; lastKnownFileType = sourcecode.swift; path = PopupView.swift; sourceTree = "<group>"; };
/* End PBXFileReference section */

/* Begin PBXFrameworksBuildPhase section */
		450729C62BC68FAA00F3F2D3 /* Frameworks */ = {
			isa = PBXFrameworksBuildPhase;
			buildActionMask = 2147483647;
			files = (
				459CC40F2BC81BDD007CE7F1 /* PopupView in Frameworks */,
				459CC3C82BC6BF52007CE7F1 /* CustomTextField in Frameworks */,
			);
			runOnlyForDeploymentPostprocessing = 0;
		};
		45ADAC332BCA563F004FCE06 /* Frameworks */ = {
			isa = PBXFrameworksBuildPhase;
			buildActionMask = 2147483647;
			files = (
				45ADAC382BCA563F004FCE06 /* SwiftUI.framework in Frameworks */,
				45ADAC372BCA563F004FCE06 /* WidgetKit.framework in Frameworks */,
			);
			runOnlyForDeploymentPostprocessing = 0;
		};
		45ADAC4D2BCA58EA004FCE06 /* Frameworks */ = {
			isa = PBXFrameworksBuildPhase;
			buildActionMask = 2147483647;
			files = (
				45ADAC512BCA58EA004FCE06 /* Intents.framework in Frameworks */,
			);
			runOnlyForDeploymentPostprocessing = 0;
		};
/* End PBXFrameworksBuildPhase section */

/* Begin PBXGroup section */
		450729C02BC68FAA00F3F2D3 = {
			isa = PBXGroup;
			children = (
				45ADAC5D2BCA5A37004FCE06 /* MyWidgetExtension.entitlements */,
				450729CB2BC68FAA00F3F2D3 /* AllWidgets */,
				45ADAC392BCA563F004FCE06 /* MyWidget */,
				45ADAC522BCA58EA004FCE06 /* IntentHandler */,
				459CC3D72BC7CD0F007CE7F1 /* Frameworks */,
				450729CA2BC68FAA00F3F2D3 /* Products */,
			);
			sourceTree = "<group>";
		};
		450729CA2BC68FAA00F3F2D3 /* Products */ = {
			isa = PBXGroup;
			children = (
				450729C92BC68FAA00F3F2D3 /* AllWidgets.app */,
				45ADAC362BCA563F004FCE06 /* MyWidgetExtension.appex */,
				45ADAC502BCA58EA004FCE06 /* IntentHandler.appex */,
			);
			name = Products;
			sourceTree = "<group>";
		};
		450729CB2BC68FAA00F3F2D3 /* AllWidgets */ = {
			isa = PBXGroup;
			children = (
				459CC3CE2BC7B613007CE7F1 /* Info.plist */,
				459CC3BF2BC6B71C007CE7F1 /* Entity */,
				450729DC2BC6902500F3F2D3 /* Screens */,
				450729DB2BC6902200F3F2D3 /* ViewModels */,
				450729CC2BC68FAA00F3F2D3 /* AllWidgetsApp.swift */,
				450729D02BC68FAC00F3F2D3 /* Assets.xcassets */,
				450729E22BC6920900F3F2D3 /* Colors.swift */,
				450729D22BC68FAC00F3F2D3 /* Preview Content */,
			);
			path = AllWidgets;
			sourceTree = "<group>";
		};
		450729D22BC68FAC00F3F2D3 /* Preview Content */ = {
			isa = PBXGroup;
			children = (
				450729D32BC68FAC00F3F2D3 /* Preview Assets.xcassets */,
			);
			path = "Preview Content";
			sourceTree = "<group>";
		};
		450729DB2BC6902200F3F2D3 /* ViewModels */ = {
			isa = PBXGroup;
			children = (
				450729EA2BC6959D00F3F2D3 /* OnboardingViewModel.swift */,
			);
			path = ViewModels;
			sourceTree = "<group>";
		};
		450729DC2BC6902500F3F2D3 /* Screens */ = {
			isa = PBXGroup;
			children = (
				459CC3CF2BC7BFD5007CE7F1 /* WidgetsScreen */,
				459CC3C92BC70819007CE7F1 /* WallspaperScreen */,
				459CC3BC2BC6B40F007CE7F1 /* SettingsScreen */,
				459CC3B92BC6ADB4007CE7F1 /* TabBar */,
				450729E72BC694F500F3F2D3 /* OnboardingScreen */,
				450729E42BC6940800F3F2D3 /* MainScreen */,
				450729DF2BC6911E00F3F2D3 /* LaunchScreen */,
				450729DD2BC6902F00F3F2D3 /* Launch Screen.storyboard */,
			);
			path = Screens;
			sourceTree = "<group>";
		};
		450729DF2BC6911E00F3F2D3 /* LaunchScreen */ = {
			isa = PBXGroup;
			children = (
				450729E02BC6912D00F3F2D3 /* LaunchScreen.swift */,
			);
			path = LaunchScreen;
			sourceTree = "<group>";
		};
		450729E42BC6940800F3F2D3 /* MainScreen */ = {
			isa = PBXGroup;
			children = (
				450729E52BC6940F00F3F2D3 /* MainScreen.swift */,
			);
			path = MainScreen;
			sourceTree = "<group>";
		};
		450729E72BC694F500F3F2D3 /* OnboardingScreen */ = {
			isa = PBXGroup;
			children = (
				450729E82BC6950B00F3F2D3 /* OnboardingScreen.swift */,
			);
			path = OnboardingScreen;
			sourceTree = "<group>";
		};
		459CC3B92BC6ADB4007CE7F1 /* TabBar */ = {
			isa = PBXGroup;
			children = (
				459CC3BA2BC6ADBA007CE7F1 /* TabBar.swift */,
			);
			path = TabBar;
			sourceTree = "<group>";
		};
		459CC3BC2BC6B40F007CE7F1 /* SettingsScreen */ = {
			isa = PBXGroup;
			children = (
				459CC3C32BC6BD67007CE7F1 /* Entity */,
				459CC3BD2BC6B41A007CE7F1 /* SettingsScreen.swift */,
			);
			path = SettingsScreen;
			sourceTree = "<group>";
		};
		459CC3BF2BC6B71C007CE7F1 /* Entity */ = {
			isa = PBXGroup;
			children = (
				459CC3FD2BC7F359007CE7F1 /* CardSwipeView.swift */,
				459CC3C02BC6B725007CE7F1 /* UI */,
			);
			path = Entity;
			sourceTree = "<group>";
		};
		459CC3C02BC6B725007CE7F1 /* UI */ = {
			isa = PBXGroup;
			children = (
				459CC3C12BC6B72D007CE7F1 /* CustomNavigationView.swift */,
			);
			path = UI;
			sourceTree = "<group>";
		};
		459CC3C32BC6BD67007CE7F1 /* Entity */ = {
			isa = PBXGroup;
			children = (
				459CC3C42BC6BD72007CE7F1 /* ContactUsScreen.swift */,
			);
			path = Entity;
			sourceTree = "<group>";
		};
		459CC3C92BC70819007CE7F1 /* WallspaperScreen */ = {
			isa = PBXGroup;
			children = (
				459CC3CA2BC70827007CE7F1 /* WallspaperScreen.swift */,
				459CC3CC2BC70F3C007CE7F1 /* WallsPaperDetailScreen.swift */,
			);
			path = WallspaperScreen;
			sourceTree = "<group>";
		};
		459CC3CF2BC7BFD5007CE7F1 /* WidgetsScreen */ = {
			isa = PBXGroup;
			children = (
				45B47E432BCE9CF30049C01A /* Entity */,
				459CC4092BC81438007CE7F1 /* Photo */,
				459CC4052BC80D2A007CE7F1 /* Calendar */,
				459CC4002BC804DF007CE7F1 /* Clock */,
				459CC3D02BC7BFF6007CE7F1 /* WidgetsScreen.swift */,
			);
			path = WidgetsScreen;
			sourceTree = "<group>";
		};
		459CC3D72BC7CD0F007CE7F1 /* Frameworks */ = {
			isa = PBXGroup;
			children = (
				459CC3D82BC7CD0F007CE7F1 /* WidgetKit.framework */,
				459CC3DA2BC7CD0F007CE7F1 /* SwiftUI.framework */,
				459CC41D2BC97E35007CE7F1 /* Intents.framework */,
				459CC4282BC97E35007CE7F1 /* IntentsUI.framework */,
			);
			name = Frameworks;
			sourceTree = "<group>";
		};
		459CC4002BC804DF007CE7F1 /* Clock */ = {
			isa = PBXGroup;
			children = (
				459CC4012BC804EB007CE7F1 /* ClockWidgets.swift */,
			);
			path = Clock;
			sourceTree = "<group>";
		};
		459CC4052BC80D2A007CE7F1 /* Calendar */ = {
			isa = PBXGroup;
			children = (
				459CC4062BC80D36007CE7F1 /* CalendarWidgets.swift */,
			);
			path = Calendar;
			sourceTree = "<group>";
		};
		459CC4092BC81438007CE7F1 /* Photo */ = {
			isa = PBXGroup;
			children = (
				459CC40A2BC81444007CE7F1 /* PhotoWidgets.swift */,
			);
			path = Photo;
			sourceTree = "<group>";
		};
		45ADAC392BCA563F004FCE06 /* MyWidget */ = {
			isa = PBXGroup;
			children = (
				45ADAC642BCAA64A004FCE06 /* ClockWidgets */,
				45ADAC3A2BCA563F004FCE06 /* MyWidgetBundle.swift */,
				45ADAC3C2BCA563F004FCE06 /* MyWidget.swift */,
				45ADAC602BCA5F99004FCE06 /* AssetsFetcher.swift */,
				45ADAC492BCA565F004FCE06 /* MyWidget.intentdefinition */,
				45ADAC402BCA5640004FCE06 /* Assets.xcassets */,
				45ADAC422BCA5640004FCE06 /* Info.plist */,
			);
			path = MyWidget;
			sourceTree = "<group>";
		};
		45ADAC522BCA58EA004FCE06 /* IntentHandler */ = {
			isa = PBXGroup;
			children = (
				45ADAC5E2BCA5A43004FCE06 /* IntentHandler.entitlements */,
				45ADAC532BCA58EA004FCE06 /* IntentHandler.swift */,
				45ADAC552BCA58EA004FCE06 /* Info.plist */,
			);
			path = IntentHandler;
			sourceTree = "<group>";
		};
		45ADAC642BCAA64A004FCE06 /* ClockWidgets */ = {
			isa = PBXGroup;
			children = (
				45ADAC672BCAA66B004FCE06 /* ClockWidget.swift */,
			);
			path = ClockWidgets;
			sourceTree = "<group>";
		};
		45B47E432BCE9CF30049C01A /* Entity */ = {
			isa = PBXGroup;
			children = (
				45B47E442BCE9D060049C01A /* PlaceholderCardView.swift */,
				45B47E462BCE9D1E0049C01A /* PopupView.swift */,
			);
			path = Entity;
			sourceTree = "<group>";
		};
/* End PBXGroup section */

/* Begin PBXNativeTarget section */
		450729C82BC68FAA00F3F2D3 /* AllWidgets */ = {
			isa = PBXNativeTarget;
			buildConfigurationList = 450729D72BC68FAC00F3F2D3 /* Build configuration list for PBXNativeTarget "AllWidgets" */;
			buildPhases = (
				450729C52BC68FAA00F3F2D3 /* Sources */,
				450729C62BC68FAA00F3F2D3 /* Frameworks */,
				450729C72BC68FAA00F3F2D3 /* Resources */,
				459CC3EA2BC7CD10007CE7F1 /* Embed Foundation Extensions */,
			);
			buildRules = (
			);
			dependencies = (
				45ADAC442BCA5640004FCE06 /* PBXTargetDependency */,
				45ADAC572BCA58EA004FCE06 /* PBXTargetDependency */,
			);
			name = AllWidgets;
			packageProductDependencies = (
				459CC3C72BC6BF52007CE7F1 /* CustomTextField */,
				459CC40E2BC81BDD007CE7F1 /* PopupView */,
			);
			productName = AllWidgets;
			productReference = 450729C92BC68FAA00F3F2D3 /* AllWidgets.app */;
			productType = "com.apple.product-type.application";
		};
		45ADAC352BCA563F004FCE06 /* MyWidgetExtension */ = {
			isa = PBXNativeTarget;
			buildConfigurationList = 45ADAC462BCA5640004FCE06 /* Build configuration list for PBXNativeTarget "MyWidgetExtension" */;
			buildPhases = (
				45ADAC322BCA563F004FCE06 /* Sources */,
				45ADAC332BCA563F004FCE06 /* Frameworks */,
				45ADAC342BCA563F004FCE06 /* Resources */,
			);
			buildRules = (
			);
			dependencies = (
			);
			name = MyWidgetExtension;
			productName = MyWidgetExtension;
			productReference = 45ADAC362BCA563F004FCE06 /* MyWidgetExtension.appex */;
			productType = "com.apple.product-type.app-extension";
		};
		45ADAC4F2BCA58EA004FCE06 /* IntentHandler */ = {
			isa = PBXNativeTarget;
			buildConfigurationList = 45ADAC592BCA58EA004FCE06 /* Build configuration list for PBXNativeTarget "IntentHandler" */;
			buildPhases = (
				45ADAC4C2BCA58EA004FCE06 /* Sources */,
				45ADAC4D2BCA58EA004FCE06 /* Frameworks */,
				45ADAC4E2BCA58EA004FCE06 /* Resources */,
			);
			buildRules = (
			);
			dependencies = (
			);
			name = IntentHandler;
			productName = IntentHandler;
			productReference = 45ADAC502BCA58EA004FCE06 /* IntentHandler.appex */;
			productType = "com.apple.product-type.app-extension";
		};
/* End PBXNativeTarget section */

/* Begin PBXProject section */
		450729C12BC68FAA00F3F2D3 /* Project object */ = {
			isa = PBXProject;
			attributes = {
				BuildIndependentTargetsInParallel = 1;
				LastSwiftUpdateCheck = 1500;
				LastUpgradeCheck = 1500;
				TargetAttributes = {
					450729C82BC68FAA00F3F2D3 = {
						CreatedOnToolsVersion = 15.0;
					};
					45ADAC352BCA563F004FCE06 = {
						CreatedOnToolsVersion = 15.0;
					};
					45ADAC4F2BCA58EA004FCE06 = {
						CreatedOnToolsVersion = 15.0;
					};
				};
			};
			buildConfigurationList = 450729C42BC68FAA00F3F2D3 /* Build configuration list for PBXProject "AllWidgets" */;
			compatibilityVersion = "Xcode 14.0";
			developmentRegion = en;
			hasScannedForEncodings = 0;
			knownRegions = (
				en,
				Base,
			);
			mainGroup = 450729C02BC68FAA00F3F2D3;
			packageReferences = (
				459CC3C62BC6BF52007CE7F1 /* XCRemoteSwiftPackageReference "SwiftUI-Custom-TextField" */,
				459CC40D2BC81BDD007CE7F1 /* XCRemoteSwiftPackageReference "PopupView" */,
			);
			productRefGroup = 450729CA2BC68FAA00F3F2D3 /* Products */;
			projectDirPath = "";
			projectRoot = "";
			targets = (
				450729C82BC68FAA00F3F2D3 /* AllWidgets */,
				45ADAC352BCA563F004FCE06 /* MyWidgetExtension */,
				45ADAC4F2BCA58EA004FCE06 /* IntentHandler */,
			);
		};
/* End PBXProject section */

/* Begin PBXResourcesBuildPhase section */
		450729C72BC68FAA00F3F2D3 /* Resources */ = {
			isa = PBXResourcesBuildPhase;
			buildActionMask = 2147483647;
			files = (
				450729DE2BC6902F00F3F2D3 /* Launch Screen.storyboard in Resources */,
				450729D42BC68FAC00F3F2D3 /* Preview Assets.xcassets in Resources */,
				450729D12BC68FAC00F3F2D3 /* Assets.xcassets in Resources */,
			);
			runOnlyForDeploymentPostprocessing = 0;
		};
		45ADAC342BCA563F004FCE06 /* Resources */ = {
			isa = PBXResourcesBuildPhase;
			buildActionMask = 2147483647;
			files = (
				45ADAC712BCB0F2D004FCE06 /* Assets.xcassets in Resources */,
				45ADAC412BCA5640004FCE06 /* Assets.xcassets in Resources */,
			);
			runOnlyForDeploymentPostprocessing = 0;
		};
		45ADAC4E2BCA58EA004FCE06 /* Resources */ = {
			isa = PBXResourcesBuildPhase;
			buildActionMask = 2147483647;
			files = (
				45ADAC722BCB0F2D004FCE06 /* Assets.xcassets in Resources */,
			);
			runOnlyForDeploymentPostprocessing = 0;
		};
/* End PBXResourcesBuildPhase section */

/* Begin PBXSourcesBuildPhase section */
		450729C52BC68FAA00F3F2D3 /* Sources */ = {
			isa = PBXSourcesBuildPhase;
			buildActionMask = 2147483647;
			files = (
				459CC3CB2BC70827007CE7F1 /* WallspaperScreen.swift in Sources */,
				459CC4072BC80D36007CE7F1 /* CalendarWidgets.swift in Sources */,
				45B47E452BCE9D060049C01A /* PlaceholderCardView.swift in Sources */,
				45ADAC4A2BCA565F004FCE06 /* MyWidget.intentdefinition in Sources */,
				459CC3FE2BC7F359007CE7F1 /* CardSwipeView.swift in Sources */,
				459CC40B2BC81444007CE7F1 /* PhotoWidgets.swift in Sources */,
				45ADAC5F2BCA5B54004FCE06 /* IntentHandler.swift in Sources */,
				459CC3BE2BC6B41A007CE7F1 /* SettingsScreen.swift in Sources */,
				450729E32BC6920900F3F2D3 /* Colors.swift in Sources */,
				450729E92BC6950B00F3F2D3 /* OnboardingScreen.swift in Sources */,
				459CC3BB2BC6ADBA007CE7F1 /* TabBar.swift in Sources */,
				45ADAC682BCAA66B004FCE06 /* ClockWidget.swift in Sources */,
				450729E62BC6940F00F3F2D3 /* MainScreen.swift in Sources */,
				459CC3CD2BC70F3C007CE7F1 /* WallsPaperDetailScreen.swift in Sources */,
				450729CD2BC68FAA00F3F2D3 /* AllWidgetsApp.swift in Sources */,
				459CC4022BC804EB007CE7F1 /* ClockWidgets.swift in Sources */,
				459CC3C22BC6B72D007CE7F1 /* CustomNavigationView.swift in Sources */,
				45ADAC612BCA5F99004FCE06 /* AssetsFetcher.swift in Sources */,
				450729EB2BC6959D00F3F2D3 /* OnboardingViewModel.swift in Sources */,
				459CC3D12BC7BFF6007CE7F1 /* WidgetsScreen.swift in Sources */,
				459CC3C52BC6BD72007CE7F1 /* ContactUsScreen.swift in Sources */,
				450729E12BC6912D00F3F2D3 /* LaunchScreen.swift in Sources */,
				45B47E472BCE9D1E0049C01A /* PopupView.swift in Sources */,
			);
			runOnlyForDeploymentPostprocessing = 0;
		};
		45ADAC322BCA563F004FCE06 /* Sources */ = {
			isa = PBXSourcesBuildPhase;
			buildActionMask = 2147483647;
			files = (
				45ADAC4B2BCA565F004FCE06 /* MyWidget.intentdefinition in Sources */,
				45ADAC6A2BCAABBC004FCE06 /* Colors.swift in Sources */,
				45ADAC3B2BCA563F004FCE06 /* MyWidgetBundle.swift in Sources */,
				45ADAC622BCA5F99004FCE06 /* AssetsFetcher.swift in Sources */,
				45ADAC692BCAA66B004FCE06 /* ClockWidget.swift in Sources */,
				45ADAC3D2BCA563F004FCE06 /* MyWidget.swift in Sources */,
			);
			runOnlyForDeploymentPostprocessing = 0;
		};
		45ADAC4C2BCA58EA004FCE06 /* Sources */ = {
			isa = PBXSourcesBuildPhase;
			buildActionMask = 2147483647;
			files = (
				45ADAC5C2BCA592B004FCE06 /* MyWidget.intentdefinition in Sources */,
				45ADAC6B2BCAABBC004FCE06 /* Colors.swift in Sources */,
				45ADAC632BCA5FA3004FCE06 /* AssetsFetcher.swift in Sources */,
				45ADAC542BCA58EA004FCE06 /* IntentHandler.swift in Sources */,
			);
			runOnlyForDeploymentPostprocessing = 0;
		};
/* End PBXSourcesBuildPhase section */

/* Begin PBXTargetDependency section */
		45ADAC442BCA5640004FCE06 /* PBXTargetDependency */ = {
			isa = PBXTargetDependency;
			target = 45ADAC352BCA563F004FCE06 /* MyWidgetExtension */;
			targetProxy = 45ADAC432BCA5640004FCE06 /* PBXContainerItemProxy */;
		};
		45ADAC572BCA58EA004FCE06 /* PBXTargetDependency */ = {
			isa = PBXTargetDependency;
			target = 45ADAC4F2BCA58EA004FCE06 /* IntentHandler */;
			targetProxy = 45ADAC562BCA58EA004FCE06 /* PBXContainerItemProxy */;
		};
/* End PBXTargetDependency section */

/* Begin XCBuildConfiguration section */
		450729D52BC68FAC00F3F2D3 /* Debug */ = {
			isa = XCBuildConfiguration;
			buildSettings = {
				ALWAYS_SEARCH_USER_PATHS = NO;
				ASSETCATALOG_COMPILER_GENERATE_SWIFT_ASSET_SYMBOL_EXTENSIONS = YES;
				CLANG_ANALYZER_NONNULL = YES;
				CLANG_ANALYZER_NUMBER_OBJECT_CONVERSION = YES_AGGRESSIVE;
				CLANG_CXX_LANGUAGE_STANDARD = "gnu++20";
				CLANG_ENABLE_MODULES = YES;
				CLANG_ENABLE_OBJC_ARC = YES;
				CLANG_ENABLE_OBJC_WEAK = YES;
				CLANG_WARN_BLOCK_CAPTURE_AUTORELEASING = YES;
				CLANG_WARN_BOOL_CONVERSION = YES;
				CLANG_WARN_COMMA = YES;
				CLANG_WARN_CONSTANT_CONVERSION = YES;
				CLANG_WARN_DEPRECATED_OBJC_IMPLEMENTATIONS = YES;
				CLANG_WARN_DIRECT_OBJC_ISA_USAGE = YES_ERROR;
				CLANG_WARN_DOCUMENTATION_COMMENTS = YES;
				CLANG_WARN_EMPTY_BODY = YES;
				CLANG_WARN_ENUM_CONVERSION = YES;
				CLANG_WARN_INFINITE_RECURSION = YES;
				CLANG_WARN_INT_CONVERSION = YES;
				CLANG_WARN_NON_LITERAL_NULL_CONVERSION = YES;
				CLANG_WARN_OBJC_IMPLICIT_RETAIN_SELF = YES;
				CLANG_WARN_OBJC_LITERAL_CONVERSION = YES;
				CLANG_WARN_OBJC_ROOT_CLASS = YES_ERROR;
				CLANG_WARN_QUOTED_INCLUDE_IN_FRAMEWORK_HEADER = YES;
				CLANG_WARN_RANGE_LOOP_ANALYSIS = YES;
				CLANG_WARN_STRICT_PROTOTYPES = YES;
				CLANG_WARN_SUSPICIOUS_MOVE = YES;
				CLANG_WARN_UNGUARDED_AVAILABILITY = YES_AGGRESSIVE;
				CLANG_WARN_UNREACHABLE_CODE = YES;
				CLANG_WARN__DUPLICATE_METHOD_MATCH = YES;
				COPY_PHASE_STRIP = NO;
				DEBUG_INFORMATION_FORMAT = dwarf;
				ENABLE_STRICT_OBJC_MSGSEND = YES;
				ENABLE_TESTABILITY = YES;
				ENABLE_USER_SCRIPT_SANDBOXING = YES;
				GCC_C_LANGUAGE_STANDARD = gnu17;
				GCC_DYNAMIC_NO_PIC = NO;
				GCC_NO_COMMON_BLOCKS = YES;
				GCC_OPTIMIZATION_LEVEL = 0;
				GCC_PREPROCESSOR_DEFINITIONS = (
					"DEBUG=1",
					"$(inherited)",
				);
				GCC_WARN_64_TO_32_BIT_CONVERSION = YES;
				GCC_WARN_ABOUT_RETURN_TYPE = YES_ERROR;
				GCC_WARN_UNDECLARED_SELECTOR = YES;
				GCC_WARN_UNINITIALIZED_AUTOS = YES_AGGRESSIVE;
				GCC_WARN_UNUSED_FUNCTION = YES;
				GCC_WARN_UNUSED_VARIABLE = YES;
				IPHONEOS_DEPLOYMENT_TARGET = 16.0;
				LOCALIZATION_PREFERS_STRING_CATALOGS = YES;
				MTL_ENABLE_DEBUG_INFO = INCLUDE_SOURCE;
				MTL_FAST_MATH = YES;
				ONLY_ACTIVE_ARCH = YES;
				SDKROOT = iphoneos;
				SWIFT_ACTIVE_COMPILATION_CONDITIONS = "DEBUG $(inherited)";
				SWIFT_OPTIMIZATION_LEVEL = "-Onone";
			};
			name = Debug;
		};
		450729D62BC68FAC00F3F2D3 /* Release */ = {
			isa = XCBuildConfiguration;
			buildSettings = {
				ALWAYS_SEARCH_USER_PATHS = NO;
				ASSETCATALOG_COMPILER_GENERATE_SWIFT_ASSET_SYMBOL_EXTENSIONS = YES;
				CLANG_ANALYZER_NONNULL = YES;
				CLANG_ANALYZER_NUMBER_OBJECT_CONVERSION = YES_AGGRESSIVE;
				CLANG_CXX_LANGUAGE_STANDARD = "gnu++20";
				CLANG_ENABLE_MODULES = YES;
				CLANG_ENABLE_OBJC_ARC = YES;
				CLANG_ENABLE_OBJC_WEAK = YES;
				CLANG_WARN_BLOCK_CAPTURE_AUTORELEASING = YES;
				CLANG_WARN_BOOL_CONVERSION = YES;
				CLANG_WARN_COMMA = YES;
				CLANG_WARN_CONSTANT_CONVERSION = YES;
				CLANG_WARN_DEPRECATED_OBJC_IMPLEMENTATIONS = YES;
				CLANG_WARN_DIRECT_OBJC_ISA_USAGE = YES_ERROR;
				CLANG_WARN_DOCUMENTATION_COMMENTS = YES;
				CLANG_WARN_EMPTY_BODY = YES;
				CLANG_WARN_ENUM_CONVERSION = YES;
				CLANG_WARN_INFINITE_RECURSION = YES;
				CLANG_WARN_INT_CONVERSION = YES;
				CLANG_WARN_NON_LITERAL_NULL_CONVERSION = YES;
				CLANG_WARN_OBJC_IMPLICIT_RETAIN_SELF = YES;
				CLANG_WARN_OBJC_LITERAL_CONVERSION = YES;
				CLANG_WARN_OBJC_ROOT_CLASS = YES_ERROR;
				CLANG_WARN_QUOTED_INCLUDE_IN_FRAMEWORK_HEADER = YES;
				CLANG_WARN_RANGE_LOOP_ANALYSIS = YES;
				CLANG_WARN_STRICT_PROTOTYPES = YES;
				CLANG_WARN_SUSPICIOUS_MOVE = YES;
				CLANG_WARN_UNGUARDED_AVAILABILITY = YES_AGGRESSIVE;
				CLANG_WARN_UNREACHABLE_CODE = YES;
				CLANG_WARN__DUPLICATE_METHOD_MATCH = YES;
				COPY_PHASE_STRIP = NO;
				DEBUG_INFORMATION_FORMAT = "dwarf-with-dsym";
				ENABLE_NS_ASSERTIONS = NO;
				ENABLE_STRICT_OBJC_MSGSEND = YES;
				ENABLE_USER_SCRIPT_SANDBOXING = YES;
				GCC_C_LANGUAGE_STANDARD = gnu17;
				GCC_NO_COMMON_BLOCKS = YES;
				GCC_WARN_64_TO_32_BIT_CONVERSION = YES;
				GCC_WARN_ABOUT_RETURN_TYPE = YES_ERROR;
				GCC_WARN_UNDECLARED_SELECTOR = YES;
				GCC_WARN_UNINITIALIZED_AUTOS = YES_AGGRESSIVE;
				GCC_WARN_UNUSED_FUNCTION = YES;
				GCC_WARN_UNUSED_VARIABLE = YES;
				IPHONEOS_DEPLOYMENT_TARGET = 16.0;
				LOCALIZATION_PREFERS_STRING_CATALOGS = YES;
				MTL_ENABLE_DEBUG_INFO = NO;
				MTL_FAST_MATH = YES;
				SDKROOT = iphoneos;
				SWIFT_COMPILATION_MODE = wholemodule;
				VALIDATE_PRODUCT = YES;
			};
			name = Release;
		};
		450729D82BC68FAC00F3F2D3 /* Debug */ = {
			isa = XCBuildConfiguration;
			buildSettings = {
				ALWAYS_EMBED_SWIFT_STANDARD_LIBRARIES = YES;
				ASSETCATALOG_COMPILER_APPICON_NAME = AppIcon;
				ASSETCATALOG_COMPILER_GLOBAL_ACCENT_COLOR_NAME = AccentColor;
				CODE_SIGN_ENTITLEMENTS = AllWidgets/AllWidgets.entitlements;
				CODE_SIGN_STYLE = Automatic;
				CURRENT_PROJECT_VERSION = 1;
				DEVELOPMENT_ASSET_PATHS = "\"AllWidgets/Preview Content\"";
				DEVELOPMENT_TEAM = L6QZ8MR9Z8;
				ENABLE_PREVIEWS = YES;
				GENERATE_INFOPLIST_FILE = YES;
				INFOPLIST_FILE = AllWidgets/Info.plist;
				INFOPLIST_KEY_CFBundleDisplayName = AllWidgets;
				INFOPLIST_KEY_LSApplicationCategoryType = "public.app-category.utilities";
				INFOPLIST_KEY_NSPhotoLibraryAddUsageDescription = "To save an image, you need to give access to the gallery";
				INFOPLIST_KEY_UIApplicationSceneManifest_Generation = YES;
				INFOPLIST_KEY_UIApplicationSupportsIndirectInputEvents = YES;
				INFOPLIST_KEY_UILaunchScreen_Generation = YES;
				INFOPLIST_KEY_UILaunchStoryboardName = "Launch Screen.storyboard";
				INFOPLIST_KEY_UIStatusBarStyle = "";
				INFOPLIST_KEY_UISupportedInterfaceOrientations = UIInterfaceOrientationPortrait;
				INFOPLIST_KEY_UISupportedInterfaceOrientations_iPad = "UIInterfaceOrientationLandscapeLeft UIInterfaceOrientationLandscapeRight UIInterfaceOrientationPortrait";
				IPHONEOS_DEPLOYMENT_TARGET = 16.0;
				LD_RUNPATH_SEARCH_PATHS = (
					"$(inherited)",
					"@executable_path/Frameworks",
				);
				MARKETING_VERSION = 0.1;
				PRODUCT_BUNDLE_IDENTIFIER = allWidgets.AllWidgets;
				PRODUCT_NAME = "$(TARGET_NAME)";
				SUPPORTED_PLATFORMS = "iphoneos iphonesimulator";
				SUPPORTS_MACCATALYST = NO;
				SUPPORTS_MAC_DESIGNED_FOR_IPHONE_IPAD = NO;
				SUPPORTS_XR_DESIGNED_FOR_IPHONE_IPAD = NO;
				SWIFT_EMIT_LOC_STRINGS = YES;
				SWIFT_VERSION = 5.0;
				TARGETED_DEVICE_FAMILY = "1,2";
			};
			name = Debug;
		};
		450729D92BC68FAC00F3F2D3 /* Release */ = {
			isa = XCBuildConfiguration;
			buildSettings = {
				ALWAYS_EMBED_SWIFT_STANDARD_LIBRARIES = YES;
				ASSETCATALOG_COMPILER_APPICON_NAME = AppIcon;
				ASSETCATALOG_COMPILER_GLOBAL_ACCENT_COLOR_NAME = AccentColor;
				CODE_SIGN_ENTITLEMENTS = AllWidgets/AllWidgets.entitlements;
				CODE_SIGN_STYLE = Automatic;
				CURRENT_PROJECT_VERSION = 1;
				DEVELOPMENT_ASSET_PATHS = "\"AllWidgets/Preview Content\"";
				DEVELOPMENT_TEAM = L6QZ8MR9Z8;
				ENABLE_PREVIEWS = YES;
				GENERATE_INFOPLIST_FILE = YES;
				INFOPLIST_FILE = AllWidgets/Info.plist;
				INFOPLIST_KEY_CFBundleDisplayName = AllWidgets;
				INFOPLIST_KEY_LSApplicationCategoryType = "public.app-category.utilities";
				INFOPLIST_KEY_NSPhotoLibraryAddUsageDescription = "To save an image, you need to give access to the gallery";
				INFOPLIST_KEY_UIApplicationSceneManifest_Generation = YES;
				INFOPLIST_KEY_UIApplicationSupportsIndirectInputEvents = YES;
				INFOPLIST_KEY_UILaunchScreen_Generation = YES;
				INFOPLIST_KEY_UILaunchStoryboardName = "Launch Screen.storyboard";
				INFOPLIST_KEY_UIStatusBarStyle = "";
				INFOPLIST_KEY_UISupportedInterfaceOrientations = UIInterfaceOrientationPortrait;
				INFOPLIST_KEY_UISupportedInterfaceOrientations_iPad = "UIInterfaceOrientationLandscapeLeft UIInterfaceOrientationLandscapeRight UIInterfaceOrientationPortrait";
				IPHONEOS_DEPLOYMENT_TARGET = 16.0;
				LD_RUNPATH_SEARCH_PATHS = (
					"$(inherited)",
					"@executable_path/Frameworks",
				);
				MARKETING_VERSION = 0.1;
				PRODUCT_BUNDLE_IDENTIFIER = allWidgets.AllWidgets;
				PRODUCT_NAME = "$(TARGET_NAME)";
				SUPPORTED_PLATFORMS = "iphoneos iphonesimulator";
				SUPPORTS_MACCATALYST = NO;
				SUPPORTS_MAC_DESIGNED_FOR_IPHONE_IPAD = NO;
				SUPPORTS_XR_DESIGNED_FOR_IPHONE_IPAD = NO;
				SWIFT_EMIT_LOC_STRINGS = YES;
				SWIFT_VERSION = 5.0;
				TARGETED_DEVICE_FAMILY = "1,2";
			};
			name = Release;
		};
		45ADAC472BCA5640004FCE06 /* Debug */ = {
			isa = XCBuildConfiguration;
			buildSettings = {
				ASSETCATALOG_COMPILER_GLOBAL_ACCENT_COLOR_NAME = AccentColor;
				ASSETCATALOG_COMPILER_WIDGET_BACKGROUND_COLOR_NAME = WidgetBackground;
				CODE_SIGN_ENTITLEMENTS = MyWidgetExtension.entitlements;
				CODE_SIGN_STYLE = Automatic;
				CURRENT_PROJECT_VERSION = 1;
				DEVELOPMENT_TEAM = L6QZ8MR9Z8;
				GENERATE_INFOPLIST_FILE = YES;
				INFOPLIST_FILE = MyWidget/Info.plist;
				INFOPLIST_KEY_CFBundleDisplayName = MyWidget;
				INFOPLIST_KEY_NSHumanReadableCopyright = "";
				IPHONEOS_DEPLOYMENT_TARGET = 16.0;
				LD_RUNPATH_SEARCH_PATHS = (
					"$(inherited)",
					"@executable_path/Frameworks",
					"@executable_path/../../Frameworks",
				);
				MARKETING_VERSION = 1.0;
				PRODUCT_BUNDLE_IDENTIFIER = allWidgets.AllWidgets.MyWidget;
				PRODUCT_NAME = "$(TARGET_NAME)";
				SKIP_INSTALL = YES;
				SUPPORTED_PLATFORMS = "iphoneos iphonesimulator";
				SUPPORTS_MACCATALYST = NO;
				SUPPORTS_MAC_DESIGNED_FOR_IPHONE_IPAD = NO;
				SUPPORTS_XR_DESIGNED_FOR_IPHONE_IPAD = NO;
				SWIFT_EMIT_LOC_STRINGS = YES;
				SWIFT_VERSION = 5.0;
				TARGETED_DEVICE_FAMILY = "1,2";
			};
			name = Debug;
		};
		45ADAC482BCA5640004FCE06 /* Release */ = {
			isa = XCBuildConfiguration;
			buildSettings = {
				ASSETCATALOG_COMPILER_GLOBAL_ACCENT_COLOR_NAME = AccentColor;
				ASSETCATALOG_COMPILER_WIDGET_BACKGROUND_COLOR_NAME = WidgetBackground;
				CODE_SIGN_ENTITLEMENTS = MyWidgetExtension.entitlements;
				CODE_SIGN_STYLE = Automatic;
				CURRENT_PROJECT_VERSION = 1;
				DEVELOPMENT_TEAM = L6QZ8MR9Z8;
				GENERATE_INFOPLIST_FILE = YES;
				INFOPLIST_FILE = MyWidget/Info.plist;
				INFOPLIST_KEY_CFBundleDisplayName = MyWidget;
				INFOPLIST_KEY_NSHumanReadableCopyright = "";
				IPHONEOS_DEPLOYMENT_TARGET = 16.0;
				LD_RUNPATH_SEARCH_PATHS = (
					"$(inherited)",
					"@executable_path/Frameworks",
					"@executable_path/../../Frameworks",
				);
				MARKETING_VERSION = 1.0;
				PRODUCT_BUNDLE_IDENTIFIER = allWidgets.AllWidgets.MyWidget;
				PRODUCT_NAME = "$(TARGET_NAME)";
				SKIP_INSTALL = YES;
				SUPPORTED_PLATFORMS = "iphoneos iphonesimulator";
				SUPPORTS_MACCATALYST = NO;
				SUPPORTS_MAC_DESIGNED_FOR_IPHONE_IPAD = NO;
				SUPPORTS_XR_DESIGNED_FOR_IPHONE_IPAD = NO;
				SWIFT_EMIT_LOC_STRINGS = YES;
				SWIFT_VERSION = 5.0;
				TARGETED_DEVICE_FAMILY = "1,2";
			};
			name = Release;
		};
		45ADAC5A2BCA58EA004FCE06 /* Debug */ = {
			isa = XCBuildConfiguration;
			buildSettings = {
				CODE_SIGN_ENTITLEMENTS = IntentHandler/IntentHandler.entitlements;
				CODE_SIGN_STYLE = Automatic;
				CURRENT_PROJECT_VERSION = 1;
				DEVELOPMENT_TEAM = L6QZ8MR9Z8;
				GENERATE_INFOPLIST_FILE = YES;
				INFOPLIST_FILE = IntentHandler/Info.plist;
				INFOPLIST_KEY_CFBundleDisplayName = IntentHandler;
				INFOPLIST_KEY_NSHumanReadableCopyright = "";
				IPHONEOS_DEPLOYMENT_TARGET = 16.0;
				LD_RUNPATH_SEARCH_PATHS = (
					"$(inherited)",
					"@executable_path/Frameworks",
					"@executable_path/../../Frameworks",
				);
				MARKETING_VERSION = 1.0;
				PRODUCT_BUNDLE_IDENTIFIER = allWidgets.AllWidgets.IntentHandler;
				PRODUCT_NAME = "$(TARGET_NAME)";
				SKIP_INSTALL = YES;
				SUPPORTED_PLATFORMS = "iphoneos iphonesimulator";
				SUPPORTS_MACCATALYST = NO;
				SUPPORTS_MAC_DESIGNED_FOR_IPHONE_IPAD = NO;
				SUPPORTS_XR_DESIGNED_FOR_IPHONE_IPAD = NO;
				SWIFT_EMIT_LOC_STRINGS = YES;
				SWIFT_VERSION = 5.0;
				TARGETED_DEVICE_FAMILY = "1,2";
			};
			name = Debug;
		};
		45ADAC5B2BCA58EA004FCE06 /* Release */ = {
			isa = XCBuildConfiguration;
			buildSettings = {
				CODE_SIGN_ENTITLEMENTS = IntentHandler/IntentHandler.entitlements;
				CODE_SIGN_STYLE = Automatic;
				CURRENT_PROJECT_VERSION = 1;
				DEVELOPMENT_TEAM = L6QZ8MR9Z8;
				GENERATE_INFOPLIST_FILE = YES;
				INFOPLIST_FILE = IntentHandler/Info.plist;
				INFOPLIST_KEY_CFBundleDisplayName = IntentHandler;
				INFOPLIST_KEY_NSHumanReadableCopyright = "";
				IPHONEOS_DEPLOYMENT_TARGET = 16.0;
				LD_RUNPATH_SEARCH_PATHS = (
					"$(inherited)",
					"@executable_path/Frameworks",
					"@executable_path/../../Frameworks",
				);
				MARKETING_VERSION = 1.0;
				PRODUCT_BUNDLE_IDENTIFIER = allWidgets.AllWidgets.IntentHandler;
				PRODUCT_NAME = "$(TARGET_NAME)";
				SKIP_INSTALL = YES;
				SUPPORTED_PLATFORMS = "iphoneos iphonesimulator";
				SUPPORTS_MACCATALYST = NO;
				SUPPORTS_MAC_DESIGNED_FOR_IPHONE_IPAD = NO;
				SUPPORTS_XR_DESIGNED_FOR_IPHONE_IPAD = NO;
				SWIFT_EMIT_LOC_STRINGS = YES;
				SWIFT_VERSION = 5.0;
				TARGETED_DEVICE_FAMILY = "1,2";
			};
			name = Release;
		};
/* End XCBuildConfiguration section */

/* Begin XCConfigurationList section */
		450729C42BC68FAA00F3F2D3 /* Build configuration list for PBXProject "AllWidgets" */ = {
			isa = XCConfigurationList;
			buildConfigurations = (
				450729D52BC68FAC00F3F2D3 /* Debug */,
				450729D62BC68FAC00F3F2D3 /* Release */,
			);
			defaultConfigurationIsVisible = 0;
			defaultConfigurationName = Release;
		};
		450729D72BC68FAC00F3F2D3 /* Build configuration list for PBXNativeTarget "AllWidgets" */ = {
			isa = XCConfigurationList;
			buildConfigurations = (
				450729D82BC68FAC00F3F2D3 /* Debug */,
				450729D92BC68FAC00F3F2D3 /* Release */,
			);
			defaultConfigurationIsVisible = 0;
			defaultConfigurationName = Release;
		};
		45ADAC462BCA5640004FCE06 /* Build configuration list for PBXNativeTarget "MyWidgetExtension" */ = {
			isa = XCConfigurationList;
			buildConfigurations = (
				45ADAC472BCA5640004FCE06 /* Debug */,
				45ADAC482BCA5640004FCE06 /* Release */,
			);
			defaultConfigurationIsVisible = 0;
			defaultConfigurationName = Release;
		};
		45ADAC592BCA58EA004FCE06 /* Build configuration list for PBXNativeTarget "IntentHandler" */ = {
			isa = XCConfigurationList;
			buildConfigurations = (
				45ADAC5A2BCA58EA004FCE06 /* Debug */,
				45ADAC5B2BCA58EA004FCE06 /* Release */,
			);
			defaultConfigurationIsVisible = 0;
			defaultConfigurationName = Release;
		};
/* End XCConfigurationList section */

/* Begin XCRemoteSwiftPackageReference section */
		459CC3C62BC6BF52007CE7F1 /* XCRemoteSwiftPackageReference "SwiftUI-Custom-TextField" */ = {
			isa = XCRemoteSwiftPackageReference;
			repositoryURL = "https://github.com/esatgozcu/SwiftUI-Custom-TextField";
			requirement = {
				branch = main;
				kind = branch;
			};
		};
		459CC40D2BC81BDD007CE7F1 /* XCRemoteSwiftPackageReference "PopupView" */ = {
			isa = XCRemoteSwiftPackageReference;
			repositoryURL = "https://github.com/exyte/PopupView.git";
			requirement = {
				kind = upToNextMajorVersion;
				minimumVersion = 2.9.1;
			};
		};
/* End XCRemoteSwiftPackageReference section */

/* Begin XCSwiftPackageProductDependency section */
		459CC3C72BC6BF52007CE7F1 /* CustomTextField */ = {
			isa = XCSwiftPackageProductDependency;
			package = 459CC3C62BC6BF52007CE7F1 /* XCRemoteSwiftPackageReference "SwiftUI-Custom-TextField" */;
			productName = CustomTextField;
		};
		459CC40E2BC81BDD007CE7F1 /* PopupView */ = {
			isa = XCSwiftPackageProductDependency;
			package = 459CC40D2BC81BDD007CE7F1 /* XCRemoteSwiftPackageReference "PopupView" */;
			productName = PopupView;
		};
/* End XCSwiftPackageProductDependency section */
	};
	rootObject = 450729C12BC68FAA00F3F2D3 /* Project object */;
}
